
Microsoft Visual Studio Solution File, Format Version 12.00
# Visual Studio Version 17
VisualStudioVersion = 17.13.35818.85 d17.13
MinimumVisualStudioVersion = 10.0.40219.1
Project("{FAE04EC0-301F-11D3-BF4B-00C04F79EFBC}") = "Invert.Api", "Invert.Api\Invert.Api.csproj", "{F36FB372-8838-4BD4-8835-154C12E722B5}"
EndProject
Global
	GlobalSection(SolutionConfigurationPlatforms) = preSolution
		Debug|Any CPU = Debug|Any CPU
		Release|Any CPU = Release|Any CPU
	EndGlobalSection
	GlobalSection(ProjectConfigurationPlatforms) = postSolution
		{F36FB372-8838-4BD4-8835-154C12E722B5}.Debug|Any CPU.ActiveCfg = Debug|Any CPU
		{F36FB372-8838-4BD4-8835-154C12E722B5}.Debug|Any CPU.Build.0 = Debug|Any CPU
		{F36FB372-8838-4BD4-8835-154C12E722B5}.Release|Any CPU.ActiveCfg = Release|Any CPU
		{F36FB372-8838-4BD4-8835-154C12E722B5}.Release|Any CPU.Build.0 = Release|Any CPU
	EndGlobalSection
	GlobalSection(SolutionProperties) = preSolution
		HideSolutionNode = FALSE
	EndGlobalSection
	GlobalSection(ExtensibilityGlobals) = postSolution
		SolutionGuid = {9C63BE4B-CA02-4B68-8F41-3165CF9D4038}
	EndGlobalSection
EndGlobal
